<?xml version="1.0" encoding="utf-8"?>
<Project ToolsVersion="4.0" xmlns="http://schemas.microsoft.com/developer/msbuild/2003">
  <ItemGroup>
    <Filter Include="Source Files">
      <UniqueIdentifier>{4FC737F1-C7A5-4376-A066-2A32D752A2FF}</UniqueIdentifier>
      <Extensions>cpp;c;cc;cxx;c++;cppm;ixx;def;odl;idl;hpj;bat;asm;asmx</Extensions>
    </Filter>
    <Filter Include="Header Files">
      <UniqueIdentifier>{93995380-89BD-4b04-88EB-625FBE52EBFB}</UniqueIdentifier>
      <Extensions>h;hh;hpp;hxx;h++;hm;inl;inc;ipp;xsd</Extensions>
    </Filter>
    <Filter Include="Resource Files">
      <UniqueIdentifier>{67DA6AB6-F800-4c08-8B7A-83BB121AAD01}</UniqueIdentifier>
      <Extensions>rc;ico;cur;bmp;dlg;rc2;rct;bin;rgs;gif;jpg;jpeg;jpe;resx;tiff;tif;png;wav;mfcribbon-ms</Extensions>
    </Filter>
    <Filter Include="Header Files\Renderer">
      <UniqueIdentifier>{6194c3d8-beb8-4279-80b7-b61d5e89e7b3}</UniqueIdentifier>
    </Filter>
    <Filter Include="Source Files\Renderer">
      <UniqueIdentifier>{62672241-83ec-4203-9883-fb410f8ef3ee}</UniqueIdentifier>
    </Filter>
    <Filter Include="Header Files\Shader">
      <UniqueIdentifier>{06185677-90de-4ce6-9d7a-15225bef9148}</UniqueIdentifier>
    </Filter>
    <Filter Include="Source Files\Shader">
      <UniqueIdentifier>{e8ecffb6-8e5c-4bfd-923a-824da71570d1}</UniqueIdentifier>
    </Filter>
    <Filter Include="Header Files\UI">
      <UniqueIdentifier>{6ce5d088-e962-4537-b349-f2bdc1a1aac3}</UniqueIdentifier>
    </Filter>
    <Filter Include="Source Files\UI">
      <UniqueIdentifier>{016b7347-8044-4e40-b7df-cd83468291f8}</UniqueIdentifier>
    </Filter>
    <Filter Include="Header Files\Geometry">
      <UniqueIdentifier>{7ad73e75-32bf-49ac-af04-ecf8d2e8d6cd}</UniqueIdentifier>
    </Filter>
    <Filter Include="Source Files\Geometry">
      <UniqueIdentifier>{652452c8-04c1-4f71-b5ba-386d681fd3bf}</UniqueIdentifier>
    </Filter>
    <Filter Include="Header Files\Buffer">
      <UniqueIdentifier>{7d4ff426-119d-4349-a3a7-cad6182f093f}</UniqueIdentifier>
    </Filter>
    <Filter Include="Source Files\Buffer">
      <UniqueIdentifier>{61ab917e-285c-4c69-93b0-bf32628b13dd}</UniqueIdentifier>
    </Filter>
    <Filter Include="Source Files\Util">
      <UniqueIdentifier>{d5cc672f-0482-4ec0-9743-f4d66ccdf44f}</UniqueIdentifier>
    </Filter>
    <Filter Include="Header Files\Util">
      <UniqueIdentifier>{ba49a1f4-4128-4f4e-9251-3adac39f016d}</UniqueIdentifier>
    </Filter>
    <Filter Include="Header Files\Texture">
      <UniqueIdentifier>{4c9b57c4-832a-4dbe-a422-5ee72d9fe502}</UniqueIdentifier>
    </Filter>
    <Filter Include="Source Files\Texture">
      <UniqueIdentifier>{66e51bde-1107-4f09-af7a-6413b8d6324d}</UniqueIdentifier>
    </Filter>
    <Filter Include="Header Files\vendor">
      <UniqueIdentifier>{05b8be41-fd3b-4c1f-8fde-a5132e86bc3b}</UniqueIdentifier>
    </Filter>
    <Filter Include="Header Files\Light">
      <UniqueIdentifier>{65f89658-1df5-4929-b030-4d9d4f38d8a4}</UniqueIdentifier>
    </Filter>
    <Filter Include="Header Files\Material">
      <UniqueIdentifier>{eb55408e-1f42-419e-9b9a-b72a1c0d29b2}</UniqueIdentifier>
    </Filter>
    <Filter Include="Header Files\Loaders">
      <UniqueIdentifier>{5f0e038e-c98e-4474-ba9e-2ddfe8fe616f}</UniqueIdentifier>
    </Filter>
    <Filter Include="Source Files\Loaders">
      <UniqueIdentifier>{12f52a00-9899-4bb8-bb5e-670bc44a0f93}</UniqueIdentifier>
    </Filter>
    <Filter Include="Source Files\Material">
      <UniqueIdentifier>{f6e2d4ec-77b4-40fa-b7bc-9da93c4a4e08}</UniqueIdentifier>
    </Filter>
    <Filter Include="Header Files\Camera">
      <UniqueIdentifier>{7e1549f4-8447-440c-892c-76a8a89a659b}</UniqueIdentifier>
    </Filter>
    <Filter Include="Source Files\Camera">
      <UniqueIdentifier>{23969e1c-a673-4fb0-ba9c-5af179e92ef3}</UniqueIdentifier>
    </Filter>
    <Filter Include="Header Files\Input">
      <UniqueIdentifier>{49a19bc5-7133-4256-9518-a1f4ad9eeb1c}</UniqueIdentifier>
    </Filter>
    <Filter Include="Source Files\Input">
      <UniqueIdentifier>{c541beac-46e1-43a2-972b-1c2d292a90a7}</UniqueIdentifier>
    </Filter>
    <Filter Include="Header Files\Scene">
      <UniqueIdentifier>{c43bb3e7-4aac-410d-8959-d1470d683dc2}</UniqueIdentifier>
    </Filter>
    <Filter Include="Source Files\Scene">
      <UniqueIdentifier>{44f0e99d-7485-432a-a083-248517d67759}</UniqueIdentifier>
    </Filter>
    <Filter Include="Source Files\Lights">
      <UniqueIdentifier>{16b438f9-240b-489c-90bb-1dcd051d6ce1}</UniqueIdentifier>
    </Filter>
    <Filter Include="Source Files\Transform">
      <UniqueIdentifier>{22793fda-e9ee-4601-ae31-38b6f48a44c8}</UniqueIdentifier>
    </Filter>
    <Filter Include="Header Files\Mesh">
      <UniqueIdentifier>{6a0713a8-9999-4980-8555-08a1ee512114}</UniqueIdentifier>
    </Filter>
    <Filter Include="Source Files\Mesh">
      <UniqueIdentifier>{c952f7da-6d19-4994-8b51-f9bdb77ba2c2}</UniqueIdentifier>
    </Filter>
    <Filter Include="Header Files\Skybox">
      <UniqueIdentifier>{1dd92446-ce78-4d45-bb6d-fe93d0d504ec}</UniqueIdentifier>
    </Filter>
    <Filter Include="Source Files\Skybox">
      <UniqueIdentifier>{f4a3cfa8-c54e-4e25-8c9f-ab4e1a4be9a8}</UniqueIdentifier>
    </Filter>
    <Filter Include="Header Files\vendor\Transform">
      <UniqueIdentifier>{6d187c57-83eb-4787-a3e8-f92043b2aa60}</UniqueIdentifier>
    </Filter>
  </ItemGroup>
  <ItemGroup>
    <ClInclude Include="framework.h">
      <Filter>Header Files</Filter>
    </ClInclude>
    <ClInclude Include="targetver.h">
      <Filter>Header Files</Filter>
    </ClInclude>
    <ClInclude Include="Resource.h">
      <Filter>Header Files</Filter>
    </ClInclude>
    <ClInclude Include="ViewerWin32.h">
      <Filter>Header Files</Filter>
    </ClInclude>
    <ClInclude Include="Renderer.hpp">
      <Filter>Header Files\Renderer</Filter>
    </ClInclude>
    <ClInclude Include="Shader.hpp">
      <Filter>Header Files\Shader</Filter>
    </ClInclude>
    <ClInclude Include="GeometryBuffer.hpp">
      <Filter>Header Files\Buffer</Filter>
    </ClInclude>
    <ClInclude Include="UIControl.hpp">
      <Filter>Header Files\UI</Filter>
    </ClInclude>
    <ClInclude Include="Geometry.hpp">
      <Filter>Header Files\Geometry</Filter>
    </ClInclude>
    <ClInclude Include="ConstantBuffer.hpp">
      <Filter>Header Files\Buffer</Filter>
    </ClInclude>
    <ClInclude Include="StandardMaterialShader.hpp">
      <Filter>Header Files\Shader</Filter>
    </ClInclude>
    <ClInclude Include="MatrixUtil.hpp">
      <Filter>Header Files\Util</Filter>
    </ClInclude>
    <ClInclude Include="Win32ErrorUtil.hpp">
      <Filter>Header Files\Util</Filter>
    </ClInclude>
    <ClInclude Include="Texture2D.hpp">
      <Filter>Header Files\Texture</Filter>
    </ClInclude>
    <ClInclude Include="stb_image.h">
      <Filter>Header Files\vendor</Filter>
    </ClInclude>
    <ClInclude Include="AmbientLight.hpp">
      <Filter>Header Files\Light</Filter>
    </ClInclude>
    <ClInclude Include="DirectionalLight.hpp">
      <Filter>Header Files\Light</Filter>
    </ClInclude>
    <ClInclude Include="PointLight.hpp">
      <Filter>Header Files\Light</Filter>
    </ClInclude>
    <ClInclude Include="MaterialData.hpp">
      <Filter>Header Files\Material</Filter>
    </ClInclude>
    <ClInclude Include="ImageLoader.hpp">
      <Filter>Header Files\Loaders</Filter>
    </ClInclude>
    <ClInclude Include="StandardMaterial.hpp">
      <Filter>Header Files\Material</Filter>
    </ClInclude>
    <ClInclude Include="Camera.hpp">
      <Filter>Header Files\Camera</Filter>
    </ClInclude>
    <ClInclude Include="MouseState.hpp">
      <Filter>Header Files\Input</Filter>
    </ClInclude>
    <ClInclude Include="OrbitCamera.hpp">
      <Filter>Header Files\Camera</Filter>
    </ClInclude>
    <ClInclude Include="SceneLights.hpp">
      <Filter>Header Files\Scene</Filter>
    </ClInclude>
    <ClInclude Include="Transform.hpp">
      <Filter>Header Files\vendor\Transform</Filter>
    </ClInclude>
    <ClInclude Include="TextureLoader.hpp">
      <Filter>Header Files\Loaders</Filter>
    </ClInclude>
    <ClInclude Include="Mesh.hpp">
      <Filter>Header Files\Mesh</Filter>
    </ClInclude>
    <ClInclude Include="CubeTexture.hpp">
      <Filter>Header Files\Texture</Filter>
    </ClInclude>
    <ClInclude Include="SkyboxShader.hpp">
      <Filter>Header Files\Shader</Filter>
    </ClInclude>
    <ClInclude Include="Skybox.hpp">
      <Filter>Header Files\Skybox</Filter>
    </ClInclude>
    <ClInclude Include="UnlitMaterialShader.hpp">
      <Filter>Header Files\Shader</Filter>
    </ClInclude>
    <ClInclude Include="UnlitMaterial.hpp">
      <Filter>Header Files\Material</Filter>
    </ClInclude>
    <ClInclude Include="UnlitMesh.hpp">
      <Filter>Header Files\Mesh</Filter>
    </ClInclude>
    <ClInclude Include="DebugNormalShader.hpp">
      <Filter>Header Files\Shader</Filter>
    </ClInclude>
    <ClInclude Include="DebugNormalMaterial.hpp">
      <Filter>Header Files\Material</Filter>
    </ClInclude>
    <ClInclude Include="PosNormalGeometryBuffer.hpp">
      <Filter>Header Files\Buffer</Filter>
    </ClInclude>
  </ItemGroup>
  <ItemGroup>
    <ClCompile Include="ViewerWin32.cpp">
      <Filter>Source Files</Filter>
    </ClCompile>
    <ClCompile Include="Renderer.cpp">
      <Filter>Source Files\Renderer</Filter>
    </ClCompile>
    <ClCompile Include="Shader.cpp">
      <Filter>Source Files\Shader</Filter>
    </ClCompile>
    <ClCompile Include="GeometryBuffer.cpp">
      <Filter>Source Files\Buffer</Filter>
    </ClCompile>
    <ClCompile Include="UIControl.cpp">
      <Filter>Source Files\UI</Filter>
    </ClCompile>
    <ClCompile Include="Geometry.cpp">
      <Filter>Source Files\Geometry</Filter>
    </ClCompile>
    <ClCompile Include="StandardMaterialShader.cpp">
      <Filter>Source Files\Shader</Filter>
    </ClCompile>
    <ClCompile Include="MatrixUtil.cpp">
      <Filter>Source Files\Util</Filter>
    </ClCompile>
    <ClCompile Include="Texture2D.cpp">
      <Filter>Source Files\Texture</Filter>
    </ClCompile>
    <ClCompile Include="ImageLoader.cpp">
      <Filter>Source Files\Loaders</Filter>
    </ClCompile>
    <ClCompile Include="StandardMaterial.cpp">
      <Filter>Source Files\Material</Filter>
    </ClCompile>
    <ClCompile Include="Win32ErrorUtil.cpp">
      <Filter>Source Files\Util</Filter>
    </ClCompile>
    <ClCompile Include="Camera.cpp">
      <Filter>Source Files\Camera</Filter>
    </ClCompile>
    <ClCompile Include="MouseState.cpp">
      <Filter>Source Files\Input</Filter>
    </ClCompile>
    <ClCompile Include="OrbitCamera.cpp">
      <Filter>Source Files\Camera</Filter>
    </ClCompile>
    <ClCompile Include="SceneLights.cpp">
      <Filter>Source Files\Scene</Filter>
    </ClCompile>
    <ClCompile Include="DirectionalLight.cpp">
      <Filter>Source Files\Lights</Filter>
    </ClCompile>
    <ClCompile Include="PointLight.cpp">
      <Filter>Source Files\Lights</Filter>
    </ClCompile>
    <ClCompile Include="Transform.cpp">
      <Filter>Source Files\Transform</Filter>
    </ClCompile>
    <ClCompile Include="TextureLoader.cpp">
      <Filter>Source Files\Loaders</Filter>
    </ClCompile>
    <ClCompile Include="Mesh.cpp">
      <Filter>Source Files\Mesh</Filter>
    </ClCompile>
    <ClCompile Include="CubeTexture.cpp">
      <Filter>Source Files\Texture</Filter>
    </ClCompile>
    <ClCompile Include="SkyboxShader.cpp">
      <Filter>Source Files\Shader</Filter>
    </ClCompile>
    <ClCompile Include="Skybox.cpp">
      <Filter>Source Files\Skybox</Filter>
    </ClCompile>
    <ClCompile Include="UnlitMaterialShader.cpp">
      <Filter>Source Files\Shader</Filter>
    </ClCompile>
    <ClCompile Include="UnlitMaterial.cpp">
      <Filter>Source Files\Material</Filter>
    </ClCompile>
    <ClCompile Include="UnlitMesh.cpp">
      <Filter>Source Files\Mesh</Filter>
    </ClCompile>
    <ClCompile Include="DebugNormalShader.cpp">
      <Filter>Source Files\Shader</Filter>
    </ClCompile>
    <ClCompile Include="DebugNormalMaterial.cpp">
      <Filter>Source Files\Material</Filter>
    </ClCompile>
    <ClCompile Include="PosNormalGeometryBuffer.cpp">
      <Filter>Source Files\Buffer</Filter>
    </ClCompile>
  </ItemGroup>
  <ItemGroup>
    <ResourceCompile Include="ViewerWin32.rc">
      <Filter>Resource Files</Filter>
    </ResourceCompile>
  </ItemGroup>
  <ItemGroup>
    <Image Include="small.ico">
      <Filter>Resource Files</Filter>
    </Image>
    <Image Include="ViewerWin32.ico">
      <Filter>Resource Files</Filter>
    </Image>
    <Image Include="uv_test.png">
      <Filter>Resource Files</Filter>
    </Image>
    <Image Include="crate_specular.png">
      <Filter>Resource Files</Filter>
    </Image>
    <Image Include="crate_texture.png">
      <Filter>Resource Files</Filter>
    </Image>
    <Image Include="wood_specular.png">
      <Filter>Resource Files</Filter>
    </Image>
    <Image Include="wood_diffuse.png">
      <Filter>Resource Files</Filter>
    </Image>
    <Image Include="right.jpg">
      <Filter>Resource Files</Filter>
    </Image>
    <Image Include="left.jpg">
      <Filter>Resource Files</Filter>
    </Image>
    <Image Include="front.jpg">
      <Filter>Resource Files</Filter>
    </Image>
    <Image Include="bottom.jpg">
      <Filter>Resource Files</Filter>
    </Image>
    <Image Include="back.jpg">
      <Filter>Resource Files</Filter>
    </Image>
    <Image Include="top.jpg">
      <Filter>Resource Files</Filter>
    </Image>
  </ItemGroup>
  <ItemGroup>
    <FxCompile Include="StandardMaterialVS.hlsl">
      <Filter>Resource Files</Filter>
    </FxCompile>
    <FxCompile Include="StandardMaterialPS.hlsl">
      <Filter>Resource Files</Filter>
    </FxCompile>
    <FxCompile Include="SkyboxVS.hlsl">
      <Filter>Resource Files</Filter>
    </FxCompile>
    <FxCompile Include="SkyboxPS.hlsl">
      <Filter>Resource Files</Filter>
    </FxCompile>
    <FxCompile Include="UnlitMaterialVS.hlsl">
      <Filter>Resource Files</Filter>
    </FxCompile>
    <FxCompile Include="UnlitMaterialPS.hlsl">
      <Filter>Resource Files</Filter>
    </FxCompile>
    <FxCompile Include="DebugNormalVS.hlsl">
      <Filter>Resource Files</Filter>
    </FxCompile>
    <FxCompile Include="DebugNormalPS.hlsl">
      <Filter>Resource Files</Filter>
    </FxCompile>
    <FxCompile Include="DebugNormalGS.hlsl">
      <Filter>Resource Files</Filter>
    </FxCompile>
  </ItemGroup>
</Project>