<?xml version="1.0" encoding="utf-8"?>
<Project ToolsVersion="4.0" xmlns="http://schemas.microsoft.com/developer/msbuild/2003">
  <ItemGroup>
    <Filter Include="Source Files">
      <UniqueIdentifier>{4FC737F1-C7A5-4376-A066-2A32D752A2FF}</UniqueIdentifier>
      <Extensions>cpp;c;cc;cxx;c++;cppm;ixx;def;odl;idl;hpj;bat;asm;asmx</Extensions>
    </Filter>
    <Filter Include="Header Files">
      <UniqueIdentifier>{93995380-89BD-4b04-88EB-625FBE52EBFB}</UniqueIdentifier>
      <Extensions>h;hh;hpp;hxx;h++;hm;inl;inc;ipp;xsd</Extensions>
    </Filter>
    <Filter Include="Resource Files">
      <UniqueIdentifier>{67DA6AB6-F800-4c08-8B7A-83BB121AAD01}</UniqueIdentifier>
      <Extensions>rc;ico;cur;bmp;dlg;rc2;rct;bin;rgs;gif;jpg;jpeg;jpe;resx;tiff;tif;png;wav;mfcribbon-ms</Extensions>
    </Filter>
    <Filter Include="Header Files\Renderer">
      <UniqueIdentifier>{6194c3d8-beb8-4279-80b7-b61d5e89e7b3}</UniqueIdentifier>
    </Filter>
    <Filter Include="Source Files\Renderer">
      <UniqueIdentifier>{62672241-83ec-4203-9883-fb410f8ef3ee}</UniqueIdentifier>
    </Filter>
    <Filter Include="Header Files\Shader">
      <UniqueIdentifier>{06185677-90de-4ce6-9d7a-15225bef9148}</UniqueIdentifier>
    </Filter>
    <Filter Include="Source Files\Shader">
      <UniqueIdentifier>{e8ecffb6-8e5c-4bfd-923a-824da71570d1}</UniqueIdentifier>
    </Filter>
    <Filter Include="Header Files\UI">
      <UniqueIdentifier>{6ce5d088-e962-4537-b349-f2bdc1a1aac3}</UniqueIdentifier>
    </Filter>
    <Filter Include="Source Files\UI">
      <UniqueIdentifier>{016b7347-8044-4e40-b7df-cd83468291f8}</UniqueIdentifier>
    </Filter>
    <Filter Include="Header Files\Geometry">
      <UniqueIdentifier>{7ad73e75-32bf-49ac-af04-ecf8d2e8d6cd}</UniqueIdentifier>
    </Filter>
    <Filter Include="Source Files\Geometry">
      <UniqueIdentifier>{652452c8-04c1-4f71-b5ba-386d681fd3bf}</UniqueIdentifier>
    </Filter>
    <Filter Include="Header Files\Buffer">
      <UniqueIdentifier>{7d4ff426-119d-4349-a3a7-cad6182f093f}</UniqueIdentifier>
    </Filter>
    <Filter Include="Source Files\Buffer">
      <UniqueIdentifier>{61ab917e-285c-4c69-93b0-bf32628b13dd}</UniqueIdentifier>
    </Filter>
    <Filter Include="Source Files\Util">
      <UniqueIdentifier>{d5cc672f-0482-4ec0-9743-f4d66ccdf44f}</UniqueIdentifier>
    </Filter>
    <Filter Include="Header Files\Util">
      <UniqueIdentifier>{ba49a1f4-4128-4f4e-9251-3adac39f016d}</UniqueIdentifier>
    </Filter>
    <Filter Include="Header Files\Texture">
      <UniqueIdentifier>{4c9b57c4-832a-4dbe-a422-5ee72d9fe502}</UniqueIdentifier>
    </Filter>
    <Filter Include="Source Files\Texture">
      <UniqueIdentifier>{66e51bde-1107-4f09-af7a-6413b8d6324d}</UniqueIdentifier>
    </Filter>
    <Filter Include="Header Files\vendor">
      <UniqueIdentifier>{05b8be41-fd3b-4c1f-8fde-a5132e86bc3b}</UniqueIdentifier>
    </Filter>
    <Filter Include="Header Files\Light">
      <UniqueIdentifier>{65f89658-1df5-4929-b030-4d9d4f38d8a4}</UniqueIdentifier>
    </Filter>
    <Filter Include="Header Files\Material">
      <UniqueIdentifier>{eb55408e-1f42-419e-9b9a-b72a1c0d29b2}</UniqueIdentifier>
    </Filter>
  </ItemGroup>
  <ItemGroup>
    <ClInclude Include="framework.h">
      <Filter>Header Files</Filter>
    </ClInclude>
    <ClInclude Include="targetver.h">
      <Filter>Header Files</Filter>
    </ClInclude>
    <ClInclude Include="Resource.h">
      <Filter>Header Files</Filter>
    </ClInclude>
    <ClInclude Include="ViewerWin32.h">
      <Filter>Header Files</Filter>
    </ClInclude>
    <ClInclude Include="Renderer.hpp">
      <Filter>Header Files\Renderer</Filter>
    </ClInclude>
    <ClInclude Include="Shader.hpp">
      <Filter>Header Files\Shader</Filter>
    </ClInclude>
    <ClInclude Include="GeometryBuffer.hpp">
      <Filter>Header Files\Buffer</Filter>
    </ClInclude>
    <ClInclude Include="UIControl.hpp">
      <Filter>Header Files\UI</Filter>
    </ClInclude>
    <ClInclude Include="Geometry.hpp">
      <Filter>Header Files\Geometry</Filter>
    </ClInclude>
    <ClInclude Include="ConstantBuffer.hpp">
      <Filter>Header Files\Buffer</Filter>
    </ClInclude>
    <ClInclude Include="StandardMaterialShader.hpp">
      <Filter>Header Files\Shader</Filter>
    </ClInclude>
    <ClInclude Include="MatrixUtil.hpp">
      <Filter>Header Files\Util</Filter>
    </ClInclude>
    <ClInclude Include="Win32ErrorUtil.hpp">
      <Filter>Header Files\Util</Filter>
    </ClInclude>
    <ClInclude Include="Texture2D.hpp">
      <Filter>Header Files\Texture</Filter>
    </ClInclude>
    <ClInclude Include="stb_image.h">
      <Filter>Header Files\vendor</Filter>
    </ClInclude>
    <ClInclude Include="AmbientLight.hpp">
      <Filter>Header Files\Light</Filter>
    </ClInclude>
    <ClInclude Include="DirectionalLight.hpp">
      <Filter>Header Files\Light</Filter>
    </ClInclude>
  </ItemGroup>
  <ItemGroup>
    <ClCompile Include="ViewerWin32.cpp">
      <Filter>Source Files</Filter>
    </ClCompile>
    <ClCompile Include="Renderer.cpp">
      <Filter>Source Files\Renderer</Filter>
    </ClCompile>
    <ClCompile Include="Shader.cpp">
      <Filter>Source Files\Shader</Filter>
    </ClCompile>
    <ClCompile Include="GeometryBuffer.cpp">
      <Filter>Source Files\Buffer</Filter>
    </ClCompile>
    <ClCompile Include="UIControl.cpp">
      <Filter>Source Files\UI</Filter>
    </ClCompile>
    <ClCompile Include="Geometry.cpp">
      <Filter>Source Files\Geometry</Filter>
    </ClCompile>
    <ClCompile Include="StandardMaterialShader.cpp">
      <Filter>Source Files\Shader</Filter>
    </ClCompile>
    <ClCompile Include="MatrixUtil.cpp">
      <Filter>Source Files\Util</Filter>
    </ClCompile>
    <ClCompile Include="Win32ErrorUtil.cpp">
      <Filter>Source Files\Util</Filter>
    </ClCompile>
    <ClCompile Include="Texture2D.cpp">
      <Filter>Source Files\Texture</Filter>
    </ClCompile>
  </ItemGroup>
  <ItemGroup>
    <ResourceCompile Include="ViewerWin32.rc">
      <Filter>Resource Files</Filter>
    </ResourceCompile>
  </ItemGroup>
  <ItemGroup>
    <Image Include="small.ico">
      <Filter>Resource Files</Filter>
    </Image>
    <Image Include="ViewerWin32.ico">
      <Filter>Resource Files</Filter>
    </Image>
    <Image Include="crate_texture.png">
      <Filter>Resource Files</Filter>
    </Image>
    <Image Include="uv_test.png">
      <Filter>Resource Files</Filter>
    </Image>
  </ItemGroup>
  <ItemGroup>
    <FxCompile Include="StandardMaterialVShader.hlsl">
      <Filter>Resource Files</Filter>
    </FxCompile>
    <FxCompile Include="StandardMaterialPShader.hlsl">
      <Filter>Resource Files</Filter>
    </FxCompile>
  </ItemGroup>
</Project>